
Microsoft Visual Studio Solution File, Format Version 12.00
# Visual Studio Version 16
VisualStudioVersion = 16.0.31205.134
MinimumVisualStudioVersion = 10.0.40219.1
Project("{FAE04EC0-301F-11D3-BF4B-00C04F79EFBC}") = "Intro", "Intro\Intro.csproj", "{6DDDF672-1E64-4BBA-9FAB-0ED98106B30B}"
EndProject
Global
	GlobalSection(SolutionConfigurationPlatforms) = preSolution
		Debug|Any CPU = Debug|Any CPU
		Release|Any CPU = Release|Any CPU
	EndGlobalSection
	GlobalSection(ProjectConfigurationPlatforms) = postSolution
		{6DDDF672-1E64-4BBA-9FAB-0ED98106B30B}.Debug|Any CPU.ActiveCfg = Debug|Any CPU
		{6DDDF672-1E64-4BBA-9FAB-0ED98106B30B}.Debug|Any CPU.Build.0 = Debug|Any CPU
		{6DDDF672-1E64-4BBA-9FAB-0ED98106B30B}.Release|Any CPU.ActiveCfg = Release|Any CPU
		{6DDDF672-1E64-4BBA-9FAB-0ED98106B30B}.Release|Any CPU.Build.0 = Release|Any CPU
	EndGlobalSection
	GlobalSection(SolutionProperties) = preSolution
		HideSolutionNode = FALSE
	EndGlobalSection
	GlobalSection(ExtensibilityGlobals) = postSolution
		SolutionGuid = {0A7B35C3-A07A-4CEF-8916-7498742EE27E}
	EndGlobalSection
EndGlobal
